// !$*UTF8*$!
{
	archiveVersion = 1;
	classes = {
	};
	objectVersion = 48;
	objects = {

/* Begin PBXBuildFile section */
		55242E211F2C23EC00F9ED6A /* letters_keras_half_1.mlmodel in Sources */ = {isa = PBXBuildFile; fileRef = 55242E201F2C23DA00F9ED6A /* letters_keras_half_1.mlmodel */; };
		55242E221F2C23ED00F9ED6A /* letters_keras_half_1.mlmodel in Sources */ = {isa = PBXBuildFile; fileRef = 55242E201F2C23DA00F9ED6A /* letters_keras_half_1.mlmodel */; };
		55242E241F2C27AA00F9ED6A /* letters_keras_half_2.mlmodel in Sources */ = {isa = PBXBuildFile; fileRef = 55242E231F2C269D00F9ED6A /* letters_keras_half_2.mlmodel */; };
		55242E251F2C27AC00F9ED6A /* letters_keras_half_2.mlmodel in Sources */ = {isa = PBXBuildFile; fileRef = 55242E231F2C269D00F9ED6A /* letters_keras_half_2.mlmodel */; };
		55242E271F2C27D200F9ED6A /* KerasFullModels.swift in Sources */ = {isa = PBXBuildFile; fileRef = 55242E261F2C27D200F9ED6A /* KerasFullModels.swift */; };
		55242E281F2C27D200F9ED6A /* KerasFullModels.swift in Sources */ = {isa = PBXBuildFile; fileRef = 55242E261F2C27D200F9ED6A /* KerasFullModels.swift */; };
		55242E2D1F2C362800F9ED6A /* letters_keras.mlmodel in Sources */ = {isa = PBXBuildFile; fileRef = 55242E2C1F2C362500F9ED6A /* letters_keras.mlmodel */; };
		55242E2E1F2C362900F9ED6A /* letters_keras.mlmodel in Sources */ = {isa = PBXBuildFile; fileRef = 55242E2C1F2C362500F9ED6A /* letters_keras.mlmodel */; };
		55242E3C1F2CF4E600F9ED6A /* SFMono-Bold.otf in Resources */ = {isa = PBXBuildFile; fileRef = 55242E301F2CF4E000F9ED6A /* SFMono-Bold.otf */; };
		55242E3D1F2CF4E600F9ED6A /* SFMono-Bold.otf in Resources */ = {isa = PBXBuildFile; fileRef = 55242E301F2CF4E000F9ED6A /* SFMono-Bold.otf */; };
		55242E3E1F2CF4E700F9ED6A /* SFMono-Bold.otf in Resources */ = {isa = PBXBuildFile; fileRef = 55242E301F2CF4E000F9ED6A /* SFMono-Bold.otf */; };
		55242E3F1F2CF4EB00F9ED6A /* SFMono-BoldItalic.otf in Resources */ = {isa = PBXBuildFile; fileRef = 55242E311F2CF4E000F9ED6A /* SFMono-BoldItalic.otf */; };
		55242E401F2CF4EB00F9ED6A /* SFMono-Heavy.otf in Resources */ = {isa = PBXBuildFile; fileRef = 55242E321F2CF4E000F9ED6A /* SFMono-Heavy.otf */; };
		55242E411F2CF4EB00F9ED6A /* SFMono-HeavyItalic.otf in Resources */ = {isa = PBXBuildFile; fileRef = 55242E331F2CF4E000F9ED6A /* SFMono-HeavyItalic.otf */; };
		55242E421F2CF4EB00F9ED6A /* SFMono-Light.otf in Resources */ = {isa = PBXBuildFile; fileRef = 55242E341F2CF4E000F9ED6A /* SFMono-Light.otf */; };
		55242E431F2CF4EB00F9ED6A /* SFMono-LightItalic.otf in Resources */ = {isa = PBXBuildFile; fileRef = 55242E351F2CF4E000F9ED6A /* SFMono-LightItalic.otf */; };
		55242E441F2CF4EB00F9ED6A /* SFMono-Medium.otf in Resources */ = {isa = PBXBuildFile; fileRef = 55242E361F2CF4E000F9ED6A /* SFMono-Medium.otf */; };
		55242E451F2CF4EB00F9ED6A /* SFMono-MediumItalic.otf in Resources */ = {isa = PBXBuildFile; fileRef = 55242E371F2CF4E000F9ED6A /* SFMono-MediumItalic.otf */; };
		55242E461F2CF4EB00F9ED6A /* SFMono-Regular.otf in Resources */ = {isa = PBXBuildFile; fileRef = 55242E381F2CF4E000F9ED6A /* SFMono-Regular.otf */; };
		55242E471F2CF4EB00F9ED6A /* SFMono-RegularItalic.otf in Resources */ = {isa = PBXBuildFile; fileRef = 55242E391F2CF4E000F9ED6A /* SFMono-RegularItalic.otf */; };
		55242E481F2CF4EB00F9ED6A /* SFMono-Semibold.otf in Resources */ = {isa = PBXBuildFile; fileRef = 55242E3A1F2CF4E000F9ED6A /* SFMono-Semibold.otf */; };
		55242E491F2CF4EB00F9ED6A /* SFMono-SemiboldItalic.otf in Resources */ = {isa = PBXBuildFile; fileRef = 55242E3B1F2CF4E000F9ED6A /* SFMono-SemiboldItalic.otf */; };
		55242E4A1F2CF4EC00F9ED6A /* SFMono-BoldItalic.otf in Resources */ = {isa = PBXBuildFile; fileRef = 55242E311F2CF4E000F9ED6A /* SFMono-BoldItalic.otf */; };
		55242E4B1F2CF4EC00F9ED6A /* SFMono-Heavy.otf in Resources */ = {isa = PBXBuildFile; fileRef = 55242E321F2CF4E000F9ED6A /* SFMono-Heavy.otf */; };
		55242E4C1F2CF4EC00F9ED6A /* SFMono-HeavyItalic.otf in Resources */ = {isa = PBXBuildFile; fileRef = 55242E331F2CF4E000F9ED6A /* SFMono-HeavyItalic.otf */; };
		55242E4D1F2CF4EC00F9ED6A /* SFMono-Light.otf in Resources */ = {isa = PBXBuildFile; fileRef = 55242E341F2CF4E000F9ED6A /* SFMono-Light.otf */; };
		55242E4E1F2CF4EC00F9ED6A /* SFMono-LightItalic.otf in Resources */ = {isa = PBXBuildFile; fileRef = 55242E351F2CF4E000F9ED6A /* SFMono-LightItalic.otf */; };
		55242E4F1F2CF4EC00F9ED6A /* SFMono-Medium.otf in Resources */ = {isa = PBXBuildFile; fileRef = 55242E361F2CF4E000F9ED6A /* SFMono-Medium.otf */; };
		55242E501F2CF4EC00F9ED6A /* SFMono-MediumItalic.otf in Resources */ = {isa = PBXBuildFile; fileRef = 55242E371F2CF4E000F9ED6A /* SFMono-MediumItalic.otf */; };
		55242E511F2CF4EC00F9ED6A /* SFMono-Regular.otf in Resources */ = {isa = PBXBuildFile; fileRef = 55242E381F2CF4E000F9ED6A /* SFMono-Regular.otf */; };
		55242E521F2CF4EC00F9ED6A /* SFMono-RegularItalic.otf in Resources */ = {isa = PBXBuildFile; fileRef = 55242E391F2CF4E000F9ED6A /* SFMono-RegularItalic.otf */; };
		55242E531F2CF4EC00F9ED6A /* SFMono-Semibold.otf in Resources */ = {isa = PBXBuildFile; fileRef = 55242E3A1F2CF4E000F9ED6A /* SFMono-Semibold.otf */; };
		55242E541F2CF4EC00F9ED6A /* SFMono-SemiboldItalic.otf in Resources */ = {isa = PBXBuildFile; fileRef = 55242E3B1F2CF4E000F9ED6A /* SFMono-SemiboldItalic.otf */; };
		55242E551F2CF4EC00F9ED6A /* SFMono-BoldItalic.otf in Resources */ = {isa = PBXBuildFile; fileRef = 55242E311F2CF4E000F9ED6A /* SFMono-BoldItalic.otf */; };
		55242E561F2CF4EC00F9ED6A /* SFMono-Heavy.otf in Resources */ = {isa = PBXBuildFile; fileRef = 55242E321F2CF4E000F9ED6A /* SFMono-Heavy.otf */; };
		55242E571F2CF4EC00F9ED6A /* SFMono-HeavyItalic.otf in Resources */ = {isa = PBXBuildFile; fileRef = 55242E331F2CF4E000F9ED6A /* SFMono-HeavyItalic.otf */; };
		55242E581F2CF4EC00F9ED6A /* SFMono-Light.otf in Resources */ = {isa = PBXBuildFile; fileRef = 55242E341F2CF4E000F9ED6A /* SFMono-Light.otf */; };
		55242E591F2CF4EC00F9ED6A /* SFMono-LightItalic.otf in Resources */ = {isa = PBXBuildFile; fileRef = 55242E351F2CF4E000F9ED6A /* SFMono-LightItalic.otf */; };
		55242E5A1F2CF4EC00F9ED6A /* SFMono-Medium.otf in Resources */ = {isa = PBXBuildFile; fileRef = 55242E361F2CF4E000F9ED6A /* SFMono-Medium.otf */; };
		55242E5B1F2CF4EC00F9ED6A /* SFMono-MediumItalic.otf in Resources */ = {isa = PBXBuildFile; fileRef = 55242E371F2CF4E000F9ED6A /* SFMono-MediumItalic.otf */; };
		55242E5C1F2CF4EC00F9ED6A /* SFMono-Regular.otf in Resources */ = {isa = PBXBuildFile; fileRef = 55242E381F2CF4E000F9ED6A /* SFMono-Regular.otf */; };
		55242E5D1F2CF4EC00F9ED6A /* SFMono-RegularItalic.otf in Resources */ = {isa = PBXBuildFile; fileRef = 55242E391F2CF4E000F9ED6A /* SFMono-RegularItalic.otf */; };
		55242E5E1F2CF4EC00F9ED6A /* SFMono-Semibold.otf in Resources */ = {isa = PBXBuildFile; fileRef = 55242E3A1F2CF4E000F9ED6A /* SFMono-Semibold.otf */; };
		55242E5F1F2CF4EC00F9ED6A /* SFMono-SemiboldItalic.otf in Resources */ = {isa = PBXBuildFile; fileRef = 55242E3B1F2CF4E000F9ED6A /* SFMono-SemiboldItalic.otf */; };
		553305B61F2E72F5005166F4 /* KerasHalfModels.swift in Sources */ = {isa = PBXBuildFile; fileRef = 553305B51F2E72F5005166F4 /* KerasHalfModels.swift */; };
		553305B81F2E7369005166F4 /* SVMPCALetterRecognizer.swift in Sources */ = {isa = PBXBuildFile; fileRef = 553305B71F2E7369005166F4 /* SVMPCALetterRecognizer.swift */; };
		553305BA1F2E7376005166F4 /* SVMPCAFullModels.swift in Sources */ = {isa = PBXBuildFile; fileRef = 553305B91F2E7376005166F4 /* SVMPCAFullModels.swift */; };
		553305BC1F2E7380005166F4 /* SVMPCAHalfModels.swift in Sources */ = {isa = PBXBuildFile; fileRef = 553305BB1F2E7380005166F4 /* SVMPCAHalfModels.swift */; };
		553305C61F2E74D2005166F4 /* BinaryReader.swift in Sources */ = {isa = PBXBuildFile; fileRef = 553305BF1F2E74C9005166F4 /* BinaryReader.swift */; };
		553305C71F2E74D2005166F4 /* CSV.swift in Sources */ = {isa = PBXBuildFile; fileRef = 553305C01F2E74C9005166F4 /* CSV.swift */; };
		553305C81F2E74D2005166F4 /* CSVError.swift in Sources */ = {isa = PBXBuildFile; fileRef = 553305C11F2E74C9005166F4 /* CSVError.swift */; };
		553305C91F2E74D2005166F4 /* CSVReader.swift in Sources */ = {isa = PBXBuildFile; fileRef = 553305C21F2E74C9005166F4 /* CSVReader.swift */; };
		553305CA1F2E74D2005166F4 /* CSVWriter.swift in Sources */ = {isa = PBXBuildFile; fileRef = 553305C31F2E74C9005166F4 /* CSVWriter.swift */; };
		553305CB1F2E74D2005166F4 /* Endian.swift in Sources */ = {isa = PBXBuildFile; fileRef = 553305C41F2E74C9005166F4 /* Endian.swift */; };
		553305CC1F2E74D2005166F4 /* UnicodeIterator.swift in Sources */ = {isa = PBXBuildFile; fileRef = 553305C51F2E74C9005166F4 /* UnicodeIterator.swift */; };
		553305DA1F2E7CB6005166F4 /* CoreMLPlaygroundViewController.swift in Sources */ = {isa = PBXBuildFile; fileRef = 553305D91F2E7CB6005166F4 /* CoreMLPlaygroundViewController.swift */; };
		553305DC1F2E81B6005166F4 /* pca.csv in Resources */ = {isa = PBXBuildFile; fileRef = 553305DB1F2E81B2005166F4 /* pca.csv */; };
		559EF9A31F3AB60800DFAA9A /* letters_pca.mlmodel in Sources */ = {isa = PBXBuildFile; fileRef = 559EF9A11F3AB2F900DFAA9A /* letters_pca.mlmodel */; };
		559EF9A61F3ABD4F00DFAA9A /* letters_pca_half_1.mlmodel in Sources */ = {isa = PBXBuildFile; fileRef = 559EF9A51F3ABD4C00DFAA9A /* letters_pca_half_1.mlmodel */; };
		559EF9A71F3ABD5200DFAA9A /* letters_pca_half_2.mlmodel in Sources */ = {isa = PBXBuildFile; fileRef = 559EF9A41F3ABD4C00DFAA9A /* letters_pca_half_2.mlmodel */; };
		55CF7C2C1F6CA65E00654DE2 /* AboutViewController.swift in Sources */ = {isa = PBXBuildFile; fileRef = 55CF7C2B1F6CA65E00654DE2 /* AboutViewController.swift */; };
		55D202E91F298463003B4308 /* AppDelegate.swift in Sources */ = {isa = PBXBuildFile; fileRef = 55D202E81F298463003B4308 /* AppDelegate.swift */; };
		55D202EB1F298463003B4308 /* ViewController.swift in Sources */ = {isa = PBXBuildFile; fileRef = 55D202EA1F298463003B4308 /* ViewController.swift */; };
		55D202EE1F298463003B4308 /* Main.storyboard in Resources */ = {isa = PBXBuildFile; fileRef = 55D202EC1F298463003B4308 /* Main.storyboard */; };
		55D202F01F298463003B4308 /* Assets.xcassets in Resources */ = {isa = PBXBuildFile; fileRef = 55D202EF1F298463003B4308 /* Assets.xcassets */; };
		55D202F31F298463003B4308 /* LaunchScreen.storyboard in Resources */ = {isa = PBXBuildFile; fileRef = 55D202F11F298463003B4308 /* LaunchScreen.storyboard */; };
		55D202F81F298463003B4308 /* Snowman WatchKit App.app in Embed Watch Content */ = {isa = PBXBuildFile; fileRef = 55D202F71F298463003B4308 /* Snowman WatchKit App.app */; };
		55D202FE1F298463003B4308 /* Interface.storyboard in Resources */ = {isa = PBXBuildFile; fileRef = 55D202FC1F298463003B4308 /* Interface.storyboard */; };
		55D203001F298463003B4308 /* Assets.xcassets in Resources */ = {isa = PBXBuildFile; fileRef = 55D202FF1F298463003B4308 /* Assets.xcassets */; };
		55D203071F298463003B4308 /* Snowman WatchKit Extension.appex in Embed App Extensions */ = {isa = PBXBuildFile; fileRef = 55D203061F298463003B4308 /* Snowman WatchKit Extension.appex */; settings = {ATTRIBUTES = (RemoveHeadersOnCopy, ); }; };
		55D2030E1F298463003B4308 /* ExtensionDelegate.swift in Sources */ = {isa = PBXBuildFile; fileRef = 55D2030D1F298463003B4308 /* ExtensionDelegate.swift */; };
		55D203101F298463003B4308 /* ComplicationController.swift in Sources */ = {isa = PBXBuildFile; fileRef = 55D2030F1F298463003B4308 /* ComplicationController.swift */; };
		55D203121F298463003B4308 /* Assets.xcassets in Resources */ = {isa = PBXBuildFile; fileRef = 55D203111F298463003B4308 /* Assets.xcassets */; };
		55D203251F2984DA003B4308 /* GameModeInterfaceController.swift in Sources */ = {isa = PBXBuildFile; fileRef = 55D203211F2984D9003B4308 /* GameModeInterfaceController.swift */; };
		55D203261F2984DA003B4308 /* Game.swift in Sources */ = {isa = PBXBuildFile; fileRef = 55D203221F2984D9003B4308 /* Game.swift */; };
		55D203271F2984DA003B4308 /* GameManager.swift in Sources */ = {isa = PBXBuildFile; fileRef = 55D203231F2984D9003B4308 /* GameManager.swift */; };
		55D203281F2984DA003B4308 /* GameInterfaceController.swift in Sources */ = {isa = PBXBuildFile; fileRef = 55D203241F2984D9003B4308 /* GameInterfaceController.swift */; };
		55D203501F29A1D4003B4308 /* KerasLetterRecognizer.swift in Sources */ = {isa = PBXBuildFile; fileRef = 55D203491F29A1C9003B4308 /* KerasLetterRecognizer.swift */; };
		55D203511F29A1D5003B4308 /* KerasLetterRecognizer.swift in Sources */ = {isa = PBXBuildFile; fileRef = 55D203491F29A1C9003B4308 /* KerasLetterRecognizer.swift */; };
		55D203521F29A1D8003B4308 /* LetterRecognizing.swift in Sources */ = {isa = PBXBuildFile; fileRef = 55D2034A1F29A1C9003B4308 /* LetterRecognizing.swift */; };
		55D203531F29A1D9003B4308 /* LetterRecognizing.swift in Sources */ = {isa = PBXBuildFile; fileRef = 55D2034A1F29A1C9003B4308 /* LetterRecognizing.swift */; };
		55D203541F29A1EC003B4308 /* LetterDrawing.swift in Sources */ = {isa = PBXBuildFile; fileRef = 55D2034E1F29A1C9003B4308 /* LetterDrawing.swift */; };
		55D203551F29A1ED003B4308 /* LetterDrawing.swift in Sources */ = {isa = PBXBuildFile; fileRef = 55D2034E1F29A1C9003B4308 /* LetterDrawing.swift */; };
		55D203561F29A1F1003B4308 /* LetterImageDrawing.swift in Sources */ = {isa = PBXBuildFile; fileRef = 55D2034F1F29A1C9003B4308 /* LetterImageDrawing.swift */; };
		55D203571F29A1F2003B4308 /* LetterImageDrawing.swift in Sources */ = {isa = PBXBuildFile; fileRef = 55D2034F1F29A1C9003B4308 /* LetterImageDrawing.swift */; };
/* End PBXBuildFile section */

/* Begin PBXContainerItemProxy section */
		55D202F91F298463003B4308 /* PBXContainerItemProxy */ = {
			isa = PBXContainerItemProxy;
			containerPortal = 55D202DD1F298463003B4308 /* Project object */;
			proxyType = 1;
			remoteGlobalIDString = 55D202F61F298463003B4308;
			remoteInfo = "Snowman WatchKit App";
		};
		55D203081F298463003B4308 /* PBXContainerItemProxy */ = {
			isa = PBXContainerItemProxy;
			containerPortal = 55D202DD1F298463003B4308 /* Project object */;
			proxyType = 1;
			remoteGlobalIDString = 55D203051F298463003B4308;
			remoteInfo = "Snowman WatchKit Extension";
		};
/* End PBXContainerItemProxy section */

/* Begin PBXCopyFilesBuildPhase section */
		55D203191F298463003B4308 /* Embed App Extensions */ = {
			isa = PBXCopyFilesBuildPhase;
			buildActionMask = 2147483647;
			dstPath = "";
			dstSubfolderSpec = 13;
			files = (
				55D203071F298463003B4308 /* Snowman WatchKit Extension.appex in Embed App Extensions */,
			);
			name = "Embed App Extensions";
			runOnlyForDeploymentPostprocessing = 0;
		};
		55D2031D1F298463003B4308 /* Embed Watch Content */ = {
			isa = PBXCopyFilesBuildPhase;
			buildActionMask = 2147483647;
			dstPath = "$(CONTENTS_FOLDER_PATH)/Watch";
			dstSubfolderSpec = 16;
			files = (
				55D202F81F298463003B4308 /* Snowman WatchKit App.app in Embed Watch Content */,
			);
			name = "Embed Watch Content";
			runOnlyForDeploymentPostprocessing = 0;
		};
/* End PBXCopyFilesBuildPhase section */

/* Begin PBXFileReference section */
		55242E201F2C23DA00F9ED6A /* letters_keras_half_1.mlmodel */ = {isa = PBXFileReference; lastKnownFileType = file.mlmodel; path = letters_keras_half_1.mlmodel; sourceTree = "<group>"; };
		55242E231F2C269D00F9ED6A /* letters_keras_half_2.mlmodel */ = {isa = PBXFileReference; lastKnownFileType = file.mlmodel; path = letters_keras_half_2.mlmodel; sourceTree = "<group>"; };
		55242E261F2C27D200F9ED6A /* KerasFullModels.swift */ = {isa = PBXFileReference; lastKnownFileType = sourcecode.swift; path = KerasFullModels.swift; sourceTree = "<group>"; };
		55242E2C1F2C362500F9ED6A /* letters_keras.mlmodel */ = {isa = PBXFileReference; lastKnownFileType = file.mlmodel; path = letters_keras.mlmodel; sourceTree = "<group>"; };
		55242E301F2CF4E000F9ED6A /* SFMono-Bold.otf */ = {isa = PBXFileReference; lastKnownFileType = file; path = "SFMono-Bold.otf"; sourceTree = "<group>"; };
		55242E311F2CF4E000F9ED6A /* SFMono-BoldItalic.otf */ = {isa = PBXFileReference; lastKnownFileType = file; path = "SFMono-BoldItalic.otf"; sourceTree = "<group>"; };
		55242E321F2CF4E000F9ED6A /* SFMono-Heavy.otf */ = {isa = PBXFileReference; lastKnownFileType = file; path = "SFMono-Heavy.otf"; sourceTree = "<group>"; };
		55242E331F2CF4E000F9ED6A /* SFMono-HeavyItalic.otf */ = {isa = PBXFileReference; lastKnownFileType = file; path = "SFMono-HeavyItalic.otf"; sourceTree = "<group>"; };
		55242E341F2CF4E000F9ED6A /* SFMono-Light.otf */ = {isa = PBXFileReference; lastKnownFileType = file; path = "SFMono-Light.otf"; sourceTree = "<group>"; };
		55242E351F2CF4E000F9ED6A /* SFMono-LightItalic.otf */ = {isa = PBXFileReference; lastKnownFileType = file; path = "SFMono-LightItalic.otf"; sourceTree = "<group>"; };
		55242E361F2CF4E000F9ED6A /* SFMono-Medium.otf */ = {isa = PBXFileReference; lastKnownFileType = file; path = "SFMono-Medium.otf"; sourceTree = "<group>"; };
		55242E371F2CF4E000F9ED6A /* SFMono-MediumItalic.otf */ = {isa = PBXFileReference; lastKnownFileType = file; path = "SFMono-MediumItalic.otf"; sourceTree = "<group>"; };
		55242E381F2CF4E000F9ED6A /* SFMono-Regular.otf */ = {isa = PBXFileReference; lastKnownFileType = file; path = "SFMono-Regular.otf"; sourceTree = "<group>"; };
		55242E391F2CF4E000F9ED6A /* SFMono-RegularItalic.otf */ = {isa = PBXFileReference; lastKnownFileType = file; path = "SFMono-RegularItalic.otf"; sourceTree = "<group>"; };
		55242E3A1F2CF4E000F9ED6A /* SFMono-Semibold.otf */ = {isa = PBXFileReference; lastKnownFileType = file; path = "SFMono-Semibold.otf"; sourceTree = "<group>"; };
		55242E3B1F2CF4E000F9ED6A /* SFMono-SemiboldItalic.otf */ = {isa = PBXFileReference; lastKnownFileType = file; path = "SFMono-SemiboldItalic.otf"; sourceTree = "<group>"; };
		553305B51F2E72F5005166F4 /* KerasHalfModels.swift */ = {isa = PBXFileReference; lastKnownFileType = sourcecode.swift; path = KerasHalfModels.swift; sourceTree = "<group>"; };
		553305B71F2E7369005166F4 /* SVMPCALetterRecognizer.swift */ = {isa = PBXFileReference; lastKnownFileType = sourcecode.swift; path = SVMPCALetterRecognizer.swift; sourceTree = "<group>"; };
		553305B91F2E7376005166F4 /* SVMPCAFullModels.swift */ = {isa = PBXFileReference; lastKnownFileType = sourcecode.swift; path = SVMPCAFullModels.swift; sourceTree = "<group>"; };
		553305BB1F2E7380005166F4 /* SVMPCAHalfModels.swift */ = {isa = PBXFileReference; lastKnownFileType = sourcecode.swift; path = SVMPCAHalfModels.swift; sourceTree = "<group>"; };
		553305BF1F2E74C9005166F4 /* BinaryReader.swift */ = {isa = PBXFileReference; lastKnownFileType = sourcecode.swift; path = BinaryReader.swift; sourceTree = "<group>"; };
		553305C01F2E74C9005166F4 /* CSV.swift */ = {isa = PBXFileReference; lastKnownFileType = sourcecode.swift; path = CSV.swift; sourceTree = "<group>"; };
		553305C11F2E74C9005166F4 /* CSVError.swift */ = {isa = PBXFileReference; lastKnownFileType = sourcecode.swift; path = CSVError.swift; sourceTree = "<group>"; };
		553305C21F2E74C9005166F4 /* CSVReader.swift */ = {isa = PBXFileReference; lastKnownFileType = sourcecode.swift; path = CSVReader.swift; sourceTree = "<group>"; };
		553305C31F2E74C9005166F4 /* CSVWriter.swift */ = {isa = PBXFileReference; lastKnownFileType = sourcecode.swift; path = CSVWriter.swift; sourceTree = "<group>"; };
		553305C41F2E74C9005166F4 /* Endian.swift */ = {isa = PBXFileReference; lastKnownFileType = sourcecode.swift; path = Endian.swift; sourceTree = "<group>"; };
		553305C51F2E74C9005166F4 /* UnicodeIterator.swift */ = {isa = PBXFileReference; lastKnownFileType = sourcecode.swift; path = UnicodeIterator.swift; sourceTree = "<group>"; };
		553305D91F2E7CB6005166F4 /* CoreMLPlaygroundViewController.swift */ = {isa = PBXFileReference; lastKnownFileType = sourcecode.swift; path = CoreMLPlaygroundViewController.swift; sourceTree = "<group>"; };
		553305DB1F2E81B2005166F4 /* pca.csv */ = {isa = PBXFileReference; lastKnownFileType = text; path = pca.csv; sourceTree = "<group>"; };
		559EF9A11F3AB2F900DFAA9A /* letters_pca.mlmodel */ = {isa = PBXFileReference; lastKnownFileType = file.mlmodel; path = letters_pca.mlmodel; sourceTree = "<group>"; };
		559EF9A41F3ABD4C00DFAA9A /* letters_pca_half_2.mlmodel */ = {isa = PBXFileReference; lastKnownFileType = file.mlmodel; path = letters_pca_half_2.mlmodel; sourceTree = "<group>"; };
		559EF9A51F3ABD4C00DFAA9A /* letters_pca_half_1.mlmodel */ = {isa = PBXFileReference; lastKnownFileType = file.mlmodel; path = letters_pca_half_1.mlmodel; sourceTree = "<group>"; };
		55CF7C2B1F6CA65E00654DE2 /* AboutViewController.swift */ = {isa = PBXFileReference; lastKnownFileType = sourcecode.swift; path = AboutViewController.swift; sourceTree = "<group>"; };
		55D202E51F298463003B4308 /* Snowman.app */ = {isa = PBXFileReference; explicitFileType = wrapper.application; includeInIndex = 0; path = Snowman.app; sourceTree = BUILT_PRODUCTS_DIR; };
		55D202E81F298463003B4308 /* AppDelegate.swift */ = {isa = PBXFileReference; lastKnownFileType = sourcecode.swift; path = AppDelegate.swift; sourceTree = "<group>"; };
		55D202EA1F298463003B4308 /* ViewController.swift */ = {isa = PBXFileReference; lastKnownFileType = sourcecode.swift; path = ViewController.swift; sourceTree = "<group>"; };
		55D202ED1F298463003B4308 /* Base */ = {isa = PBXFileReference; lastKnownFileType = file.storyboard; name = Base; path = Base.lproj/Main.storyboard; sourceTree = "<group>"; };
		55D202EF1F298463003B4308 /* Assets.xcassets */ = {isa = PBXFileReference; lastKnownFileType = folder.assetcatalog; path = Assets.xcassets; sourceTree = "<group>"; };
		55D202F21F298463003B4308 /* Base */ = {isa = PBXFileReference; lastKnownFileType = file.storyboard; name = Base; path = Base.lproj/LaunchScreen.storyboard; sourceTree = "<group>"; };
		55D202F41F298463003B4308 /* Info.plist */ = {isa = PBXFileReference; lastKnownFileType = text.plist.xml; path = Info.plist; sourceTree = "<group>"; };
		55D202F71F298463003B4308 /* Snowman WatchKit App.app */ = {isa = PBXFileReference; explicitFileType = wrapper.application; includeInIndex = 0; path = "Snowman WatchKit App.app"; sourceTree = BUILT_PRODUCTS_DIR; };
		55D202FD1F298463003B4308 /* Base */ = {isa = PBXFileReference; lastKnownFileType = file.storyboard; name = Base; path = Base.lproj/Interface.storyboard; sourceTree = "<group>"; };
		55D202FF1F298463003B4308 /* Assets.xcassets */ = {isa = PBXFileReference; lastKnownFileType = folder.assetcatalog; path = Assets.xcassets; sourceTree = "<group>"; };
		55D203011F298463003B4308 /* Info.plist */ = {isa = PBXFileReference; lastKnownFileType = text.plist.xml; path = Info.plist; sourceTree = "<group>"; };
		55D203061F298463003B4308 /* Snowman WatchKit Extension.appex */ = {isa = PBXFileReference; explicitFileType = "wrapper.app-extension"; includeInIndex = 0; path = "Snowman WatchKit Extension.appex"; sourceTree = BUILT_PRODUCTS_DIR; };
		55D2030D1F298463003B4308 /* ExtensionDelegate.swift */ = {isa = PBXFileReference; lastKnownFileType = sourcecode.swift; path = ExtensionDelegate.swift; sourceTree = "<group>"; };
		55D2030F1F298463003B4308 /* ComplicationController.swift */ = {isa = PBXFileReference; lastKnownFileType = sourcecode.swift; path = ComplicationController.swift; sourceTree = "<group>"; };
		55D203111F298463003B4308 /* Assets.xcassets */ = {isa = PBXFileReference; lastKnownFileType = folder.assetcatalog; path = Assets.xcassets; sourceTree = "<group>"; };
		55D203131F298463003B4308 /* Info.plist */ = {isa = PBXFileReference; lastKnownFileType = text.plist.xml; path = Info.plist; sourceTree = "<group>"; };
		55D203211F2984D9003B4308 /* GameModeInterfaceController.swift */ = {isa = PBXFileReference; lastKnownFileType = sourcecode.swift; path = GameModeInterfaceController.swift; sourceTree = "<group>"; };
		55D203221F2984D9003B4308 /* Game.swift */ = {isa = PBXFileReference; lastKnownFileType = sourcecode.swift; path = Game.swift; sourceTree = "<group>"; };
		55D203231F2984D9003B4308 /* GameManager.swift */ = {isa = PBXFileReference; lastKnownFileType = sourcecode.swift; path = GameManager.swift; sourceTree = "<group>"; };
		55D203241F2984D9003B4308 /* GameInterfaceController.swift */ = {isa = PBXFileReference; lastKnownFileType = sourcecode.swift; path = GameInterfaceController.swift; sourceTree = "<group>"; };
		55D203491F29A1C9003B4308 /* KerasLetterRecognizer.swift */ = {isa = PBXFileReference; lastKnownFileType = sourcecode.swift; path = KerasLetterRecognizer.swift; sourceTree = "<group>"; };
		55D2034A1F29A1C9003B4308 /* LetterRecognizing.swift */ = {isa = PBXFileReference; lastKnownFileType = sourcecode.swift; path = LetterRecognizing.swift; sourceTree = "<group>"; };
		55D2034E1F29A1C9003B4308 /* LetterDrawing.swift */ = {isa = PBXFileReference; lastKnownFileType = sourcecode.swift; path = LetterDrawing.swift; sourceTree = "<group>"; };
		55D2034F1F29A1C9003B4308 /* LetterImageDrawing.swift */ = {isa = PBXFileReference; lastKnownFileType = sourcecode.swift; path = LetterImageDrawing.swift; sourceTree = "<group>"; };
/* End PBXFileReference section */

/* Begin PBXFrameworksBuildPhase section */
		55D202E21F298463003B4308 /* Frameworks */ = {
			isa = PBXFrameworksBuildPhase;
			buildActionMask = 2147483647;
			files = (
			);
			runOnlyForDeploymentPostprocessing = 0;
		};
		55D203031F298463003B4308 /* Frameworks */ = {
			isa = PBXFrameworksBuildPhase;
			buildActionMask = 2147483647;
			files = (
			);
			runOnlyForDeploymentPostprocessing = 0;
		};
/* End PBXFrameworksBuildPhase section */

/* Begin PBXGroup section */
		55242E2F1F2CF4E000F9ED6A /* Fonts */ = {
			isa = PBXGroup;
			children = (
				55242E301F2CF4E000F9ED6A /* SFMono-Bold.otf */,
				55242E311F2CF4E000F9ED6A /* SFMono-BoldItalic.otf */,
				55242E321F2CF4E000F9ED6A /* SFMono-Heavy.otf */,
				55242E331F2CF4E000F9ED6A /* SFMono-HeavyItalic.otf */,
				55242E341F2CF4E000F9ED6A /* SFMono-Light.otf */,
				55242E351F2CF4E000F9ED6A /* SFMono-LightItalic.otf */,
				55242E361F2CF4E000F9ED6A /* SFMono-Medium.otf */,
				55242E371F2CF4E000F9ED6A /* SFMono-MediumItalic.otf */,
				55242E381F2CF4E000F9ED6A /* SFMono-Regular.otf */,
				55242E391F2CF4E000F9ED6A /* SFMono-RegularItalic.otf */,
				55242E3A1F2CF4E000F9ED6A /* SFMono-Semibold.otf */,
				55242E3B1F2CF4E000F9ED6A /* SFMono-SemiboldItalic.otf */,
			);
			path = Fonts;
			sourceTree = "<group>";
		};
		553305BD1F2E74C9005166F4 /* Frameworks */ = {
			isa = PBXGroup;
			children = (
				553305BE1F2E74C9005166F4 /* CSV */,
			);
			path = Frameworks;
			sourceTree = "<group>";
		};
		553305BE1F2E74C9005166F4 /* CSV */ = {
			isa = PBXGroup;
			children = (
				553305BF1F2E74C9005166F4 /* BinaryReader.swift */,
				553305C01F2E74C9005166F4 /* CSV.swift */,
				553305C11F2E74C9005166F4 /* CSVError.swift */,
				553305C21F2E74C9005166F4 /* CSVReader.swift */,
				553305C31F2E74C9005166F4 /* CSVWriter.swift */,
				553305C41F2E74C9005166F4 /* Endian.swift */,
				553305C51F2E74C9005166F4 /* UnicodeIterator.swift */,
			);
			path = CSV;
			sourceTree = "<group>";
		};
		55D202DC1F298463003B4308 = {
			isa = PBXGroup;
			children = (
				55D2034D1F29A1C9003B4308 /* Drawing */,
				55242E2F1F2CF4E000F9ED6A /* Fonts */,
				553305BD1F2E74C9005166F4 /* Frameworks */,
				55D203481F29A1C9003B4308 /* Machine Learning */,
				55D202E71F298463003B4308 /* Snowman */,
				55D202FB1F298463003B4308 /* Snowman WatchKit App */,
				55D2030A1F298463003B4308 /* Snowman WatchKit Extension */,
				55D202E61F298463003B4308 /* Products */,
			);
			sourceTree = "<group>";
		};
		55D202E61F298463003B4308 /* Products */ = {
			isa = PBXGroup;
			children = (
				55D202E51F298463003B4308 /* Snowman.app */,
				55D202F71F298463003B4308 /* Snowman WatchKit App.app */,
				55D203061F298463003B4308 /* Snowman WatchKit Extension.appex */,
			);
			name = Products;
			sourceTree = "<group>";
		};
		55D202E71F298463003B4308 /* Snowman */ = {
			isa = PBXGroup;
			children = (
				55D202E81F298463003B4308 /* AppDelegate.swift */,
				55CF7C2B1F6CA65E00654DE2 /* AboutViewController.swift */,
				553305D91F2E7CB6005166F4 /* CoreMLPlaygroundViewController.swift */,
				55D202EA1F298463003B4308 /* ViewController.swift */,
				55D202EC1F298463003B4308 /* Main.storyboard */,
				55D202EF1F298463003B4308 /* Assets.xcassets */,
				55D202F11F298463003B4308 /* LaunchScreen.storyboard */,
				55D202F41F298463003B4308 /* Info.plist */,
			);
			path = Snowman;
			sourceTree = "<group>";
		};
		55D202FB1F298463003B4308 /* Snowman WatchKit App */ = {
			isa = PBXGroup;
			children = (
				55D202FC1F298463003B4308 /* Interface.storyboard */,
				55D202FF1F298463003B4308 /* Assets.xcassets */,
				55D203011F298463003B4308 /* Info.plist */,
			);
			path = "Snowman WatchKit App";
			sourceTree = "<group>";
		};
		55D2030A1F298463003B4308 /* Snowman WatchKit Extension */ = {
			isa = PBXGroup;
			children = (
				55D2030F1F298463003B4308 /* ComplicationController.swift */,
				55D2030D1F298463003B4308 /* ExtensionDelegate.swift */,
				55D203221F2984D9003B4308 /* Game.swift */,
				55D203241F2984D9003B4308 /* GameInterfaceController.swift */,
				55D203231F2984D9003B4308 /* GameManager.swift */,
				55D203211F2984D9003B4308 /* GameModeInterfaceController.swift */,
				55D203131F298463003B4308 /* Info.plist */,
				55D203111F298463003B4308 /* Assets.xcassets */,
			);
			path = "Snowman WatchKit Extension";
			sourceTree = "<group>";
		};
		55D203481F29A1C9003B4308 /* Machine Learning */ = {
			isa = PBXGroup;
			children = (
				55D2034B1F29A1C9003B4308 /* Models */,
				55D2034A1F29A1C9003B4308 /* LetterRecognizing.swift */,
				55D203491F29A1C9003B4308 /* KerasLetterRecognizer.swift */,
				55242E261F2C27D200F9ED6A /* KerasFullModels.swift */,
				553305B51F2E72F5005166F4 /* KerasHalfModels.swift */,
				553305B71F2E7369005166F4 /* SVMPCALetterRecognizer.swift */,
				553305B91F2E7376005166F4 /* SVMPCAFullModels.swift */,
				553305BB1F2E7380005166F4 /* SVMPCAHalfModels.swift */,
			);
			path = "Machine Learning";
			sourceTree = "<group>";
		};
		55D2034B1F29A1C9003B4308 /* Models */ = {
			isa = PBXGroup;
			children = (
				55242E2C1F2C362500F9ED6A /* letters_keras.mlmodel */,
				55242E201F2C23DA00F9ED6A /* letters_keras_half_1.mlmodel */,
				55242E231F2C269D00F9ED6A /* letters_keras_half_2.mlmodel */,
				559EF9A11F3AB2F900DFAA9A /* letters_pca.mlmodel */,
				559EF9A51F3ABD4C00DFAA9A /* letters_pca_half_1.mlmodel */,
				559EF9A41F3ABD4C00DFAA9A /* letters_pca_half_2.mlmodel */,
				553305DB1F2E81B2005166F4 /* pca.csv */,
			);
			path = Models;
			sourceTree = "<group>";
		};
		55D2034D1F29A1C9003B4308 /* Drawing */ = {
			isa = PBXGroup;
			children = (
				55D2034E1F29A1C9003B4308 /* LetterDrawing.swift */,
				55D2034F1F29A1C9003B4308 /* LetterImageDrawing.swift */,
			);
			path = Drawing;
			sourceTree = "<group>";
		};
/* End PBXGroup section */

/* Begin PBXNativeTarget section */
		55D202E41F298463003B4308 /* Snowman */ = {
			isa = PBXNativeTarget;
			buildConfigurationList = 55D2031E1F298463003B4308 /* Build configuration list for PBXNativeTarget "Snowman" */;
			buildPhases = (
				55D202E11F298463003B4308 /* Sources */,
				55D202E21F298463003B4308 /* Frameworks */,
				55D202E31F298463003B4308 /* Resources */,
				55D2031D1F298463003B4308 /* Embed Watch Content */,
			);
			buildRules = (
			);
			dependencies = (
				55D202FA1F298463003B4308 /* PBXTargetDependency */,
			);
			name = Snowman;
			productName = Snowman;
			productReference = 55D202E51F298463003B4308 /* Snowman.app */;
			productType = "com.apple.product-type.application";
		};
		55D202F61F298463003B4308 /* Snowman WatchKit App */ = {
			isa = PBXNativeTarget;
			buildConfigurationList = 55D2031A1F298463003B4308 /* Build configuration list for PBXNativeTarget "Snowman WatchKit App" */;
			buildPhases = (
				55D202F51F298463003B4308 /* Resources */,
				55D203191F298463003B4308 /* Embed App Extensions */,
			);
			buildRules = (
			);
			dependencies = (
				55D203091F298463003B4308 /* PBXTargetDependency */,
			);
			name = "Snowman WatchKit App";
			productName = "Snowman WatchKit App";
			productReference = 55D202F71F298463003B4308 /* Snowman WatchKit App.app */;
			productType = "com.apple.product-type.application.watchapp2";
		};
		55D203051F298463003B4308 /* Snowman WatchKit Extension */ = {
			isa = PBXNativeTarget;
			buildConfigurationList = 55D203161F298463003B4308 /* Build configuration list for PBXNativeTarget "Snowman WatchKit Extension" */;
			buildPhases = (
				55D203021F298463003B4308 /* Sources */,
				55D203031F298463003B4308 /* Frameworks */,
				55D203041F298463003B4308 /* Resources */,
			);
			buildRules = (
			);
			dependencies = (
			);
			name = "Snowman WatchKit Extension";
			productName = "Snowman WatchKit Extension";
			productReference = 55D203061F298463003B4308 /* Snowman WatchKit Extension.appex */;
			productType = "com.apple.product-type.watchkit2-extension";
		};
/* End PBXNativeTarget section */

/* Begin PBXProject section */
		55D202DD1F298463003B4308 /* Project object */ = {
			isa = PBXProject;
			attributes = {
				LastSwiftUpdateCheck = 0900;
				LastUpgradeCheck = 0900;
				ORGANIZATIONNAME = "Conrad Stoll";
				TargetAttributes = {
					55D202E41F298463003B4308 = {
						CreatedOnToolsVersion = 9.0;
					};
					55D202F61F298463003B4308 = {
						CreatedOnToolsVersion = 9.0;
					};
					55D203051F298463003B4308 = {
						CreatedOnToolsVersion = 9.0;
					};
				};
			};
			buildConfigurationList = 55D202E01F298463003B4308 /* Build configuration list for PBXProject "Snowman" */;
			compatibilityVersion = "Xcode 8.0";
			developmentRegion = en;
			hasScannedForEncodings = 0;
			knownRegions = (
				en,
				Base,
			);
			mainGroup = 55D202DC1F298463003B4308;
			productRefGroup = 55D202E61F298463003B4308 /* Products */;
			projectDirPath = "";
			projectRoot = "";
			targets = (
				55D202E41F298463003B4308 /* Snowman */,
				55D202F61F298463003B4308 /* Snowman WatchKit App */,
				55D203051F298463003B4308 /* Snowman WatchKit Extension */,
			);
		};
/* End PBXProject section */

/* Begin PBXResourcesBuildPhase section */
		55D202E31F298463003B4308 /* Resources */ = {
			isa = PBXResourcesBuildPhase;
			buildActionMask = 2147483647;
			files = (
				55D202F31F298463003B4308 /* LaunchScreen.storyboard in Resources */,
				55242E491F2CF4EB00F9ED6A /* SFMono-SemiboldItalic.otf in Resources */,
				55242E451F2CF4EB00F9ED6A /* SFMono-MediumItalic.otf in Resources */,
				55D202F01F298463003B4308 /* Assets.xcassets in Resources */,
				55242E471F2CF4EB00F9ED6A /* SFMono-RegularItalic.otf in Resources */,
				553305DC1F2E81B6005166F4 /* pca.csv in Resources */,
				55242E411F2CF4EB00F9ED6A /* SFMono-HeavyItalic.otf in Resources */,
				55242E3F1F2CF4EB00F9ED6A /* SFMono-BoldItalic.otf in Resources */,
				55242E401F2CF4EB00F9ED6A /* SFMono-Heavy.otf in Resources */,
				55242E461F2CF4EB00F9ED6A /* SFMono-Regular.otf in Resources */,
				55242E3C1F2CF4E600F9ED6A /* SFMono-Bold.otf in Resources */,
				55242E421F2CF4EB00F9ED6A /* SFMono-Light.otf in Resources */,
				55242E431F2CF4EB00F9ED6A /* SFMono-LightItalic.otf in Resources */,
				55242E441F2CF4EB00F9ED6A /* SFMono-Medium.otf in Resources */,
				55242E481F2CF4EB00F9ED6A /* SFMono-Semibold.otf in Resources */,
				55D202EE1F298463003B4308 /* Main.storyboard in Resources */,
			);
			runOnlyForDeploymentPostprocessing = 0;
		};
		55D202F51F298463003B4308 /* Resources */ = {
			isa = PBXResourcesBuildPhase;
			buildActionMask = 2147483647;
			files = (
				55D203001F298463003B4308 /* Assets.xcassets in Resources */,
				55242E531F2CF4EC00F9ED6A /* SFMono-Semibold.otf in Resources */,
				55242E4C1F2CF4EC00F9ED6A /* SFMono-HeavyItalic.otf in Resources */,
				55242E501F2CF4EC00F9ED6A /* SFMono-MediumItalic.otf in Resources */,
				55242E541F2CF4EC00F9ED6A /* SFMono-SemiboldItalic.otf in Resources */,
				55242E4E1F2CF4EC00F9ED6A /* SFMono-LightItalic.otf in Resources */,
				55D202FE1F298463003B4308 /* Interface.storyboard in Resources */,
				55242E4A1F2CF4EC00F9ED6A /* SFMono-BoldItalic.otf in Resources */,
				55242E511F2CF4EC00F9ED6A /* SFMono-Regular.otf in Resources */,
				55242E4B1F2CF4EC00F9ED6A /* SFMono-Heavy.otf in Resources */,
				55242E4F1F2CF4EC00F9ED6A /* SFMono-Medium.otf in Resources */,
				55242E4D1F2CF4EC00F9ED6A /* SFMono-Light.otf in Resources */,
				55242E521F2CF4EC00F9ED6A /* SFMono-RegularItalic.otf in Resources */,
				55242E3D1F2CF4E600F9ED6A /* SFMono-Bold.otf in Resources */,
			);
			runOnlyForDeploymentPostprocessing = 0;
		};
		55D203041F298463003B4308 /* Resources */ = {
			isa = PBXResourcesBuildPhase;
			buildActionMask = 2147483647;
			files = (
				55242E5C1F2CF4EC00F9ED6A /* SFMono-Regular.otf in Resources */,
				55242E5B1F2CF4EC00F9ED6A /* SFMono-MediumItalic.otf in Resources */,
				55242E5F1F2CF4EC00F9ED6A /* SFMono-SemiboldItalic.otf in Resources */,
				55242E5A1F2CF4EC00F9ED6A /* SFMono-Medium.otf in Resources */,
				55242E5D1F2CF4EC00F9ED6A /* SFMono-RegularItalic.otf in Resources */,
				55242E581F2CF4EC00F9ED6A /* SFMono-Light.otf in Resources */,
				55242E571F2CF4EC00F9ED6A /* SFMono-HeavyItalic.otf in Resources */,
				55242E3E1F2CF4E700F9ED6A /* SFMono-Bold.otf in Resources */,
				55D203121F298463003B4308 /* Assets.xcassets in Resources */,
				55242E5E1F2CF4EC00F9ED6A /* SFMono-Semibold.otf in Resources */,
				55242E551F2CF4EC00F9ED6A /* SFMono-BoldItalic.otf in Resources */,
				55242E591F2CF4EC00F9ED6A /* SFMono-LightItalic.otf in Resources */,
				55242E561F2CF4EC00F9ED6A /* SFMono-Heavy.otf in Resources */,
			);
			runOnlyForDeploymentPostprocessing = 0;
		};
/* End PBXResourcesBuildPhase section */

/* Begin PBXSourcesBuildPhase section */
		55D202E11F298463003B4308 /* Sources */ = {
			isa = PBXSourcesBuildPhase;
			buildActionMask = 2147483647;
			files = (
				553305C71F2E74D2005166F4 /* CSV.swift in Sources */,
				553305BC1F2E7380005166F4 /* SVMPCAHalfModels.swift in Sources */,
				559EF9A61F3ABD4F00DFAA9A /* letters_pca_half_1.mlmodel in Sources */,
				55D203541F29A1EC003B4308 /* LetterDrawing.swift in Sources */,
				553305B61F2E72F5005166F4 /* KerasHalfModels.swift in Sources */,
				55242E2D1F2C362800F9ED6A /* letters_keras.mlmodel in Sources */,
				553305C91F2E74D2005166F4 /* CSVReader.swift in Sources */,
				55D202EB1F298463003B4308 /* ViewController.swift in Sources */,
				55D203521F29A1D8003B4308 /* LetterRecognizing.swift in Sources */,
				553305DA1F2E7CB6005166F4 /* CoreMLPlaygroundViewController.swift in Sources */,
				55D202E91F298463003B4308 /* AppDelegate.swift in Sources */,
				553305BA1F2E7376005166F4 /* SVMPCAFullModels.swift in Sources */,
				55D203561F29A1F1003B4308 /* LetterImageDrawing.swift in Sources */,
				55242E241F2C27AA00F9ED6A /* letters_keras_half_2.mlmodel in Sources */,
				55D203511F29A1D5003B4308 /* KerasLetterRecognizer.swift in Sources */,
				553305C61F2E74D2005166F4 /* BinaryReader.swift in Sources */,
				553305C81F2E74D2005166F4 /* CSVError.swift in Sources */,
				553305CC1F2E74D2005166F4 /* UnicodeIterator.swift in Sources */,
				553305B81F2E7369005166F4 /* SVMPCALetterRecognizer.swift in Sources */,
				559EF9A71F3ABD5200DFAA9A /* letters_pca_half_2.mlmodel in Sources */,
				55242E211F2C23EC00F9ED6A /* letters_keras_half_1.mlmodel in Sources */,
				55242E271F2C27D200F9ED6A /* KerasFullModels.swift in Sources */,
				553305CB1F2E74D2005166F4 /* Endian.swift in Sources */,
				553305CA1F2E74D2005166F4 /* CSVWriter.swift in Sources */,
				55CF7C2C1F6CA65E00654DE2 /* AboutViewController.swift in Sources */,
				559EF9A31F3AB60800DFAA9A /* letters_pca.mlmodel in Sources */,
			);
			runOnlyForDeploymentPostprocessing = 0;
		};
		55D203021F298463003B4308 /* Sources */ = {
			isa = PBXSourcesBuildPhase;
			buildActionMask = 2147483647;
			files = (
				55242E281F2C27D200F9ED6A /* KerasFullModels.swift in Sources */,
				55D203531F29A1D9003B4308 /* LetterRecognizing.swift in Sources */,
				55D203571F29A1F2003B4308 /* LetterImageDrawing.swift in Sources */,
				55D203251F2984DA003B4308 /* GameModeInterfaceController.swift in Sources */,
				55D203271F2984DA003B4308 /* GameManager.swift in Sources */,
				55D203551F29A1ED003B4308 /* LetterDrawing.swift in Sources */,
				55D203261F2984DA003B4308 /* Game.swift in Sources */,
				55D2030E1F298463003B4308 /* ExtensionDelegate.swift in Sources */,
				55242E251F2C27AC00F9ED6A /* letters_keras_half_2.mlmodel in Sources */,
				55D203501F29A1D4003B4308 /* KerasLetterRecognizer.swift in Sources */,
				55D203281F2984DA003B4308 /* GameInterfaceController.swift in Sources */,
				55242E221F2C23ED00F9ED6A /* letters_keras_half_1.mlmodel in Sources */,
				55D203101F298463003B4308 /* ComplicationController.swift in Sources */,
				55242E2E1F2C362900F9ED6A /* letters_keras.mlmodel in Sources */,
			);
			runOnlyForDeploymentPostprocessing = 0;
		};
/* End PBXSourcesBuildPhase section */

/* Begin PBXTargetDependency section */
		55D202FA1F298463003B4308 /* PBXTargetDependency */ = {
			isa = PBXTargetDependency;
			target = 55D202F61F298463003B4308 /* Snowman WatchKit App */;
			targetProxy = 55D202F91F298463003B4308 /* PBXContainerItemProxy */;
		};
		55D203091F298463003B4308 /* PBXTargetDependency */ = {
			isa = PBXTargetDependency;
			target = 55D203051F298463003B4308 /* Snowman WatchKit Extension */;
			targetProxy = 55D203081F298463003B4308 /* PBXContainerItemProxy */;
		};
/* End PBXTargetDependency section */

/* Begin PBXVariantGroup section */
		55D202EC1F298463003B4308 /* Main.storyboard */ = {
			isa = PBXVariantGroup;
			children = (
				55D202ED1F298463003B4308 /* Base */,
			);
			name = Main.storyboard;
			sourceTree = "<group>";
		};
		55D202F11F298463003B4308 /* LaunchScreen.storyboard */ = {
			isa = PBXVariantGroup;
			children = (
				55D202F21F298463003B4308 /* Base */,
			);
			name = LaunchScreen.storyboard;
			sourceTree = "<group>";
		};
		55D202FC1F298463003B4308 /* Interface.storyboard */ = {
			isa = PBXVariantGroup;
			children = (
				55D202FD1F298463003B4308 /* Base */,
			);
			name = Interface.storyboard;
			sourceTree = "<group>";
		};
/* End PBXVariantGroup section */

/* Begin XCBuildConfiguration section */
		55D203141F298463003B4308 /* Debug */ = {
			isa = XCBuildConfiguration;
			buildSettings = {
				ALWAYS_SEARCH_USER_PATHS = NO;
				CLANG_ANALYZER_NONNULL = YES;
				CLANG_ANALYZER_NUMBER_OBJECT_CONVERSION = YES_AGGRESSIVE;
				CLANG_CXX_LANGUAGE_STANDARD = "gnu++14";
				CLANG_CXX_LIBRARY = "libc++";
				CLANG_ENABLE_MODULES = YES;
				CLANG_ENABLE_OBJC_ARC = YES;
				CLANG_WARN_BLOCK_CAPTURE_AUTORELEASING = YES;
				CLANG_WARN_BOOL_CONVERSION = YES;
				CLANG_WARN_COMMA = YES;
				CLANG_WARN_CONSTANT_CONVERSION = YES;
				CLANG_WARN_DIRECT_OBJC_ISA_USAGE = YES_ERROR;
				CLANG_WARN_DOCUMENTATION_COMMENTS = YES;
				CLANG_WARN_EMPTY_BODY = YES;
				CLANG_WARN_ENUM_CONVERSION = YES;
				CLANG_WARN_INFINITE_RECURSION = YES;
				CLANG_WARN_INT_CONVERSION = YES;
				CLANG_WARN_NON_LITERAL_NULL_CONVERSION = YES;
				CLANG_WARN_OBJC_LITERAL_CONVERSION = YES;
				CLANG_WARN_OBJC_ROOT_CLASS = YES_ERROR;
				CLANG_WARN_RANGE_LOOP_ANALYSIS = YES;
				CLANG_WARN_STRICT_PROTOTYPES = YES;
				CLANG_WARN_SUSPICIOUS_MOVE = YES;
				CLANG_WARN_UNGUARDED_AVAILABILITY = YES_AGGRESSIVE;
				CLANG_WARN_UNREACHABLE_CODE = YES;
				CLANG_WARN__DUPLICATE_METHOD_MATCH = YES;
				CODE_SIGN_IDENTITY = "iPhone Developer";
				COPY_PHASE_STRIP = NO;
				DEBUG_INFORMATION_FORMAT = dwarf;
				ENABLE_STRICT_OBJC_MSGSEND = YES;
				ENABLE_TESTABILITY = YES;
				GCC_C_LANGUAGE_STANDARD = gnu11;
				GCC_DYNAMIC_NO_PIC = NO;
				GCC_NO_COMMON_BLOCKS = YES;
				GCC_OPTIMIZATION_LEVEL = 0;
				GCC_PREPROCESSOR_DEFINITIONS = (
					"DEBUG=1",
					"$(inherited)",
				);
				GCC_WARN_64_TO_32_BIT_CONVERSION = YES;
				GCC_WARN_ABOUT_RETURN_TYPE = YES_ERROR;
				GCC_WARN_UNDECLARED_SELECTOR = YES;
				GCC_WARN_UNINITIALIZED_AUTOS = YES_AGGRESSIVE;
				GCC_WARN_UNUSED_FUNCTION = YES;
				GCC_WARN_UNUSED_VARIABLE = YES;
				IPHONEOS_DEPLOYMENT_TARGET = 11.0;
				MTL_ENABLE_DEBUG_INFO = YES;
				ONLY_ACTIVE_ARCH = YES;
				SDKROOT = iphoneos;
				SWIFT_ACTIVE_COMPILATION_CONDITIONS = DEBUG;
				SWIFT_OPTIMIZATION_LEVEL = "-Onone";
			};
			name = Debug;
		};
		55D203151F298463003B4308 /* Release */ = {
			isa = XCBuildConfiguration;
			buildSettings = {
				ALWAYS_SEARCH_USER_PATHS = NO;
				CLANG_ANALYZER_NONNULL = YES;
				CLANG_ANALYZER_NUMBER_OBJECT_CONVERSION = YES_AGGRESSIVE;
				CLANG_CXX_LANGUAGE_STANDARD = "gnu++14";
				CLANG_CXX_LIBRARY = "libc++";
				CLANG_ENABLE_MODULES = YES;
				CLANG_ENABLE_OBJC_ARC = YES;
				CLANG_WARN_BLOCK_CAPTURE_AUTORELEASING = YES;
				CLANG_WARN_BOOL_CONVERSION = YES;
				CLANG_WARN_COMMA = YES;
				CLANG_WARN_CONSTANT_CONVERSION = YES;
				CLANG_WARN_DIRECT_OBJC_ISA_USAGE = YES_ERROR;
				CLANG_WARN_DOCUMENTATION_COMMENTS = YES;
				CLANG_WARN_EMPTY_BODY = YES;
				CLANG_WARN_ENUM_CONVERSION = YES;
				CLANG_WARN_INFINITE_RECURSION = YES;
				CLANG_WARN_INT_CONVERSION = YES;
				CLANG_WARN_NON_LITERAL_NULL_CONVERSION = YES;
				CLANG_WARN_OBJC_LITERAL_CONVERSION = YES;
				CLANG_WARN_OBJC_ROOT_CLASS = YES_ERROR;
				CLANG_WARN_RANGE_LOOP_ANALYSIS = YES;
				CLANG_WARN_STRICT_PROTOTYPES = YES;
				CLANG_WARN_SUSPICIOUS_MOVE = YES;
				CLANG_WARN_UNGUARDED_AVAILABILITY = YES_AGGRESSIVE;
				CLANG_WARN_UNREACHABLE_CODE = YES;
				CLANG_WARN__DUPLICATE_METHOD_MATCH = YES;
				CODE_SIGN_IDENTITY = "iPhone Developer";
				COPY_PHASE_STRIP = NO;
				DEBUG_INFORMATION_FORMAT = "dwarf-with-dsym";
				ENABLE_NS_ASSERTIONS = NO;
				ENABLE_STRICT_OBJC_MSGSEND = YES;
				GCC_C_LANGUAGE_STANDARD = gnu11;
				GCC_NO_COMMON_BLOCKS = YES;
				GCC_WARN_64_TO_32_BIT_CONVERSION = YES;
				GCC_WARN_ABOUT_RETURN_TYPE = YES_ERROR;
				GCC_WARN_UNDECLARED_SELECTOR = YES;
				GCC_WARN_UNINITIALIZED_AUTOS = YES_AGGRESSIVE;
				GCC_WARN_UNUSED_FUNCTION = YES;
				GCC_WARN_UNUSED_VARIABLE = YES;
				IPHONEOS_DEPLOYMENT_TARGET = 11.0;
				MTL_ENABLE_DEBUG_INFO = NO;
				SDKROOT = iphoneos;
				SWIFT_OPTIMIZATION_LEVEL = "-Owholemodule";
				VALIDATE_PRODUCT = YES;
			};
			name = Release;
		};
		55D203171F298463003B4308 /* Debug */ = {
			isa = XCBuildConfiguration;
			buildSettings = {
				ASSETCATALOG_COMPILER_COMPLICATION_NAME = Complication;
				DEVELOPMENT_TEAM = GX7CGWUZDA;
				INFOPLIST_FILE = "Snowman WatchKit Extension/Info.plist";
				LD_RUNPATH_SEARCH_PATHS = "$(inherited) @executable_path/Frameworks @executable_path/../../Frameworks";
				PRODUCT_BUNDLE_IDENTIFIER = com.conradstoll.Snowman.watchkitapp.watchkitextension;
				PRODUCT_NAME = "${TARGET_NAME}";
				SDKROOT = watchos;
				SKIP_INSTALL = YES;
				SWIFT_VERSION = 4.0;
				TARGETED_DEVICE_FAMILY = 4;
				WATCHOS_DEPLOYMENT_TARGET = 4.0;
			};
			name = Debug;
		};
		55D203181F298463003B4308 /* Release */ = {
			isa = XCBuildConfiguration;
			buildSettings = {
				ASSETCATALOG_COMPILER_COMPLICATION_NAME = Complication;
				DEVELOPMENT_TEAM = GX7CGWUZDA;
				INFOPLIST_FILE = "Snowman WatchKit Extension/Info.plist";
				LD_RUNPATH_SEARCH_PATHS = "$(inherited) @executable_path/Frameworks @executable_path/../../Frameworks";
				PRODUCT_BUNDLE_IDENTIFIER = com.conradstoll.Snowman.watchkitapp.watchkitextension;
				PRODUCT_NAME = "${TARGET_NAME}";
				SDKROOT = watchos;
				SKIP_INSTALL = YES;
				SWIFT_VERSION = 4.0;
				TARGETED_DEVICE_FAMILY = 4;
				WATCHOS_DEPLOYMENT_TARGET = 4.0;
			};
			name = Release;
		};
		55D2031B1F298463003B4308 /* Debug */ = {
			isa = XCBuildConfiguration;
			buildSettings = {
				ALWAYS_EMBED_SWIFT_STANDARD_LIBRARIES = YES;
				ASSETCATALOG_COMPILER_APPICON_NAME = AppIcon;
				DEVELOPMENT_TEAM = GX7CGWUZDA;
				IBSC_MODULE = Snowman_WatchKit_Extension;
				INFOPLIST_FILE = "Snowman WatchKit App/Info.plist";
				PRODUCT_BUNDLE_IDENTIFIER = com.conradstoll.Snowman.watchkitapp;
				PRODUCT_NAME = "$(TARGET_NAME)";
				SDKROOT = watchos;
				SKIP_INSTALL = YES;
				SWIFT_VERSION = 4.0;
				TARGETED_DEVICE_FAMILY = 4;
				WATCHOS_DEPLOYMENT_TARGET = 4.0;
			};
			name = Debug;
		};
		55D2031C1F298463003B4308 /* Release */ = {
			isa = XCBuildConfiguration;
			buildSettings = {
				ALWAYS_EMBED_SWIFT_STANDARD_LIBRARIES = YES;
				ASSETCATALOG_COMPILER_APPICON_NAME = AppIcon;
				DEVELOPMENT_TEAM = GX7CGWUZDA;
				IBSC_MODULE = Snowman_WatchKit_Extension;
				INFOPLIST_FILE = "Snowman WatchKit App/Info.plist";
				PRODUCT_BUNDLE_IDENTIFIER = com.conradstoll.Snowman.watchkitapp;
				PRODUCT_NAME = "$(TARGET_NAME)";
				SDKROOT = watchos;
				SKIP_INSTALL = YES;
				SWIFT_VERSION = 4.0;
				TARGETED_DEVICE_FAMILY = 4;
				WATCHOS_DEPLOYMENT_TARGET = 4.0;
			};
			name = Release;
		};
		55D2031F1F298463003B4308 /* Debug */ = {
			isa = XCBuildConfiguration;
			buildSettings = {
				ASSETCATALOG_COMPILER_APPICON_NAME = AppIcon;
				DEVELOPMENT_TEAM = GX7CGWUZDA;
				INFOPLIST_FILE = Snowman/Info.plist;
				LD_RUNPATH_SEARCH_PATHS = "$(inherited) @executable_path/Frameworks";
				PRODUCT_BUNDLE_IDENTIFIER = com.conradstoll.Snowman;
				PRODUCT_NAME = "$(TARGET_NAME)";
				SWIFT_VERSION = 4.0;
				TARGETED_DEVICE_FAMILY = "1,2";
			};
			name = Debug;
		};
		55D203201F298463003B4308 /* Release */ = {
			isa = XCBuildConfiguration;
			buildSettings = {
				ASSETCATALOG_COMPILER_APPICON_NAME = AppIcon;
				DEVELOPMENT_TEAM = GX7CGWUZDA;
				INFOPLIST_FILE = Snowman/Info.plist;
				LD_RUNPATH_SEARCH_PATHS = "$(inherited) @executable_path/Frameworks";
				PRODUCT_BUNDLE_IDENTIFIER = com.conradstoll.Snowman;
				PRODUCT_NAME = "$(TARGET_NAME)";
				SWIFT_VERSION = 4.0;
				TARGETED_DEVICE_FAMILY = "1,2";
			};
			name = Release;
		};
/* End XCBuildConfiguration section */

/* Begin XCConfigurationList section */
		55D202E01F298463003B4308 /* Build configuration list for PBXProject "Snowman" */ = {
			isa = XCConfigurationList;
			buildConfigurations = (
				55D203141F298463003B4308 /* Debug */,
				55D203151F298463003B4308 /* Release */,
			);
			defaultConfigurationIsVisible = 0;
			defaultConfigurationName = Release;
		};
		55D203161F298463003B4308 /* Build configuration list for PBXNativeTarget "Snowman WatchKit Extension" */ = {
			isa = XCConfigurationList;
			buildConfigurations = (
				55D203171F298463003B4308 /* Debug */,
				55D203181F298463003B4308 /* Release */,
			);
			defaultConfigurationIsVisible = 0;
			defaultConfigurationName = Release;
		};
		55D2031A1F298463003B4308 /* Build configuration list for PBXNativeTarget "Snowman WatchKit App" */ = {
			isa = XCConfigurationList;
			buildConfigurations = (
				55D2031B1F298463003B4308 /* Debug */,
				55D2031C1F298463003B4308 /* Release */,
			);
			defaultConfigurationIsVisible = 0;
			defaultConfigurationName = Release;
		};
		55D2031E1F298463003B4308 /* Build configuration list for PBXNativeTarget "Snowman" */ = {
			isa = XCConfigurationList;
			buildConfigurations = (
				55D2031F1F298463003B4308 /* Debug */,
				55D203201F298463003B4308 /* Release */,
			);
			defaultConfigurationIsVisible = 0;
			defaultConfigurationName = Release;
		};
/* End XCConfigurationList section */
	};
	rootObject = 55D202DD1F298463003B4308 /* Project object */;
}
